Microsoft Visual Studio Solution File, Format Version 12.00
# Visual Studio 2012
Project("{FAE04EC0-301F-11D3-BF4B-00C04F79EFBC}") = "CellLifeGame1", "CellLifeGame1\CellLifeGame1.csproj", "{F2D678D5-E7D3-483A-90B3-A2A4019098DA}"
EndProject
Global
	GlobalSection(SolutionConfigurationPlatforms) = preSolution
		Debug|Any CPU = Debug|Any CPU
		Release|Any CPU = Release|Any CPU
	EndGlobalSection
	GlobalSection(ProjectConfigurationPlatforms) = postSolution
		{F2D678D5-E7D3-483A-90B3-A2A4019098DA}.Debug|Any CPU.ActiveCfg = Debug|Any CPU
		{F2D678D5-E7D3-483A-90B3-A2A4019098DA}.Debug|Any CPU.Build.0 = Debug|Any CPU
		{F2D678D5-E7D3-483A-90B3-A2A4019098DA}.Release|Any CPU.ActiveCfg = Release|Any CPU
		{F2D678D5-E7D3-483A-90B3-A2A4019098DA}.Release|Any CPU.Build.0 = Release|Any CPU
	EndGlobalSection
	GlobalSection(SolutionProperties) = preSolution
		HideSolutionNode = FALSE
	EndGlobalSection
EndGlobal
